<?xml version="1.0" encoding="UTF-8" standalone="yes" ?>
<CodeBlocks_project_file>
	<FileVersion major="1" minor="6" />
	<Project>
		<Option title="Snap detector" />
		<Option pch_mode="2" />
		<Option compiler="gcc" />
		<Build>
			<Target title="Debug">
				<Option output="bin\Debug\snapd" prefix_auto="1" extension_auto="1" />
				<Option object_output="obj\Debug\" />
				<Option type="0" />
				<Option compiler="gcc" />
				<Compiler>
					<Add option="-g" />
					<Add directory="C:\Program Files\CodeBlocks\lib\FMOD\FMOD Programmers API Windows\api\inc" />
					<Add directory="C:\Program Files\CodeBlocks\lib\SDL\SDL-1.2.15\include\SDL" />
					<Add directory="C:\Program Files\CodeBlocks\lib\FFTW\include" />
				</Compiler>
				<Linker>
					<Add library="mingw32" />
					<Add library="C:\Program Files\CodeBlocks\lib\FMOD\FMOD Programmers API Windows\api\lib\libfmodex.a" />
					<Add library="C:\Program Files\CodeBlocks\lib\SDL\SDL-1.2.15\lib\libSDLmain.a" />
					<Add library="C:\Program Files\CodeBlocks\lib\SDL\SDL-1.2.15\lib\libSDL.dll.a" />
					<Add library="C:\Program Files\CodeBlocks\lib\FFTW\lib\libfftw3-3.lib" />
				</Linker>
			</Target>
		</Build>
		<Compiler>
			<Add option="-Wall" />
		</Compiler>
		<Unit filename="main.c">
			<Option compilerVar="CC" />
		</Unit>
		<Unit filename="resource.h" />
		<Unit filename="resource.rc">
			<Option compilerVar="WINDRES" />
		</Unit>
		<Extensions>
			<code_completion />
			<envvars />
			<debugger />
			<lib_finder disable_auto="1" />
		</Extensions>
	</Project>
</CodeBlocks_project_file>
